// !$*UTF8*$!
{
	archiveVersion = 1;
	classes = {
	};
	objectVersion = 56;
	objects = {

/* Begin PBXBuildFile section */
		6488C2FA2B8DD0B900A88A6B /* SearchCell.swift in Sources */ = {isa = PBXBuildFile; fileRef = 6488C2F92B8DD0B900A88A6B /* SearchCell.swift */; };
		6488C2FC2B8E250E00A88A6B /*  UIViewController+Keyboard.swift in Sources */ = {isa = PBXBuildFile; fileRef = 6488C2FB2B8E250E00A88A6B /*  UIViewController+Keyboard.swift */; };
		64EF58D62B8C7483006E1648 /* AppDelegate.swift in Sources */ = {isa = PBXBuildFile; fileRef = 64EF58D52B8C7483006E1648 /* AppDelegate.swift */; };
		64EF58D82B8C7483006E1648 /* SceneDelegate.swift in Sources */ = {isa = PBXBuildFile; fileRef = 64EF58D72B8C7483006E1648 /* SceneDelegate.swift */; };
		64EF58DA2B8C7483006E1648 /* MainTabBarViewController.swift in Sources */ = {isa = PBXBuildFile; fileRef = 64EF58D92B8C7483006E1648 /* MainTabBarViewController.swift */; };
		64EF58DF2B8C7485006E1648 /* Assets.xcassets in Resources */ = {isa = PBXBuildFile; fileRef = 64EF58DE2B8C7485006E1648 /* Assets.xcassets */; };
		64EF58E22B8C7485006E1648 /* LaunchScreen.storyboard in Resources */ = {isa = PBXBuildFile; fileRef = 64EF58E02B8C7485006E1648 /* LaunchScreen.storyboard */; };
		64EF58EB2B8C74A5006E1648 /* Kingfisher in Frameworks */ = {isa = PBXBuildFile; productRef = 64EF58EA2B8C74A5006E1648 /* Kingfisher */; };
		64EF58EE2B8C74B5006E1648 /* SnapKit in Frameworks */ = {isa = PBXBuildFile; productRef = 64EF58ED2B8C74B5006E1648 /* SnapKit */; };
		64EF58F02B8C74B5006E1648 /* SnapKit-Dynamic in Frameworks */ = {isa = PBXBuildFile; productRef = 64EF58EF2B8C74B5006E1648 /* SnapKit-Dynamic */; };
		64EF58F82B8C75E5006E1648 /* Constants.swift in Sources */ = {isa = PBXBuildFile; fileRef = 64EF58F72B8C75E5006E1648 /* Constants.swift */; };
		64EF58FA2B8C75F4006E1648 /* UIView + AddSubview.swift in Sources */ = {isa = PBXBuildFile; fileRef = 64EF58F92B8C75F4006E1648 /* UIView + AddSubview.swift */; };
		64EF58FD2B8C7628006E1648 /* NetworkService.swift in Sources */ = {isa = PBXBuildFile; fileRef = 64EF58FC2B8C7628006E1648 /* NetworkService.swift */; };
		64EF59042B8C76F4006E1648 /* ImagesViewController.swift in Sources */ = {isa = PBXBuildFile; fileRef = 64EF59032B8C76F4006E1648 /* ImagesViewController.swift */; };
		64EF59062B8C7714006E1648 /* DetailsViewController.swift in Sources */ = {isa = PBXBuildFile; fileRef = 64EF59052B8C7714006E1648 /* DetailsViewController.swift */; };
		64EF59082B8C7735006E1648 /* SearchViewController.swift in Sources */ = {isa = PBXBuildFile; fileRef = 64EF59072B8C7735006E1648 /* SearchViewController.swift */; };
		64EF590A2B8C874B006E1648 /* ImagesCell.swift in Sources */ = {isa = PBXBuildFile; fileRef = 64EF59092B8C874B006E1648 /* ImagesCell.swift */; };
/* End PBXBuildFile section */

/* Begin PBXFileReference section */
		6488C2F92B8DD0B900A88A6B /* SearchCell.swift */ = {isa = PBXFileReference; lastKnownFileType = sourcecode.swift; path = SearchCell.swift; sourceTree = "<group>"; };
		6488C2FB2B8E250E00A88A6B /*  UIViewController+Keyboard.swift */ = {isa = PBXFileReference; lastKnownFileType = sourcecode.swift; path = " UIViewController+Keyboard.swift"; sourceTree = "<group>"; };
		64EF58D22B8C7483006E1648 /* NASAApp.app */ = {isa = PBXFileReference; explicitFileType = wrapper.application; includeInIndex = 0; path = NASAApp.app; sourceTree = BUILT_PRODUCTS_DIR; };
		64EF58D52B8C7483006E1648 /* AppDelegate.swift */ = {isa = PBXFileReference; lastKnownFileType = sourcecode.swift; path = AppDelegate.swift; sourceTree = "<group>"; };
		64EF58D72B8C7483006E1648 /* SceneDelegate.swift */ = {isa = PBXFileReference; lastKnownFileType = sourcecode.swift; path = SceneDelegate.swift; sourceTree = "<group>"; };
		64EF58D92B8C7483006E1648 /* MainTabBarViewController.swift */ = {isa = PBXFileReference; lastKnownFileType = sourcecode.swift; path = MainTabBarViewController.swift; sourceTree = "<group>"; };
		64EF58DE2B8C7485006E1648 /* Assets.xcassets */ = {isa = PBXFileReference; lastKnownFileType = folder.assetcatalog; path = Assets.xcassets; sourceTree = "<group>"; };
		64EF58E12B8C7485006E1648 /* Base */ = {isa = PBXFileReference; lastKnownFileType = file.storyboard; name = Base; path = Base.lproj/LaunchScreen.storyboard; sourceTree = "<group>"; };
		64EF58E32B8C7485006E1648 /* Info.plist */ = {isa = PBXFileReference; lastKnownFileType = text.plist.xml; path = Info.plist; sourceTree = "<group>"; };
		64EF58F72B8C75E5006E1648 /* Constants.swift */ = {isa = PBXFileReference; lastKnownFileType = sourcecode.swift; path = Constants.swift; sourceTree = "<group>"; };
		64EF58F92B8C75F4006E1648 /* UIView + AddSubview.swift */ = {isa = PBXFileReference; lastKnownFileType = sourcecode.swift; path = "UIView + AddSubview.swift"; sourceTree = "<group>"; };
		64EF58FC2B8C7628006E1648 /* NetworkService.swift */ = {isa = PBXFileReference; lastKnownFileType = sourcecode.swift; path = NetworkService.swift; sourceTree = "<group>"; };
		64EF59032B8C76F4006E1648 /* ImagesViewController.swift */ = {isa = PBXFileReference; lastKnownFileType = sourcecode.swift; path = ImagesViewController.swift; sourceTree = "<group>"; };
		64EF59052B8C7714006E1648 /* DetailsViewController.swift */ = {isa = PBXFileReference; lastKnownFileType = sourcecode.swift; path = DetailsViewController.swift; sourceTree = "<group>"; };
		64EF59072B8C7735006E1648 /* SearchViewController.swift */ = {isa = PBXFileReference; lastKnownFileType = sourcecode.swift; path = SearchViewController.swift; sourceTree = "<group>"; };
		64EF59092B8C874B006E1648 /* ImagesCell.swift */ = {isa = PBXFileReference; lastKnownFileType = sourcecode.swift; path = ImagesCell.swift; sourceTree = "<group>"; };
/* End PBXFileReference section */

/* Begin PBXFrameworksBuildPhase section */
		64EF58CF2B8C7483006E1648 /* Frameworks */ = {
			isa = PBXFrameworksBuildPhase;
			buildActionMask = 2147483647;
			files = (
				64EF58EB2B8C74A5006E1648 /* Kingfisher in Frameworks */,
				64EF58EE2B8C74B5006E1648 /* SnapKit in Frameworks */,
				64EF58F02B8C74B5006E1648 /* SnapKit-Dynamic in Frameworks */,
			);
			runOnlyForDeploymentPostprocessing = 0;
		};
/* End PBXFrameworksBuildPhase section */

/* Begin PBXGroup section */
		64EF58C92B8C7483006E1648 = {
			isa = PBXGroup;
			children = (
				64EF58D42B8C7483006E1648 /* NASAApp */,
				64EF58D32B8C7483006E1648 /* Products */,
			);
			sourceTree = "<group>";
		};
		64EF58D32B8C7483006E1648 /* Products */ = {
			isa = PBXGroup;
			children = (
				64EF58D22B8C7483006E1648 /* NASAApp.app */,
			);
			name = Products;
			sourceTree = "<group>";
		};
		64EF58D42B8C7483006E1648 /* NASAApp */ = {
			isa = PBXGroup;
			children = (
				64EF58F12B8C7576006E1648 /* Resousces */,
				64EF58F22B8C75A8006E1648 /* Extensions */,
				64EF58FB2B8C7613006E1648 /* Network */,
				64EF58FE2B8C7639006E1648 /* Screens */,
				64EF58DE2B8C7485006E1648 /* Assets.xcassets */,
				64EF58E32B8C7485006E1648 /* Info.plist */,
			);
			path = NASAApp;
			sourceTree = "<group>";
		};
		64EF58F12B8C7576006E1648 /* Resousces */ = {
			isa = PBXGroup;
			children = (
				64EF58D72B8C7483006E1648 /* SceneDelegate.swift */,
				64EF58D52B8C7483006E1648 /* AppDelegate.swift */,
			);
			path = Resousces;
			sourceTree = "<group>";
		};
		64EF58F22B8C75A8006E1648 /* Extensions */ = {
			isa = PBXGroup;
			children = (
				64EF58F42B8C75C0006E1648 /* UI */,
				64EF58F32B8C75B7006E1648 /* Constants */,
			);
			path = Extensions;
			sourceTree = "<group>";
		};
		64EF58F32B8C75B7006E1648 /* Constants */ = {
			isa = PBXGroup;
			children = (
				64EF58F72B8C75E5006E1648 /* Constants.swift */,
			);
			path = Constants;
			sourceTree = "<group>";
		};
		64EF58F42B8C75C0006E1648 /* UI */ = {
			isa = PBXGroup;
			children = (
				64EF58F92B8C75F4006E1648 /* UIView + AddSubview.swift */,
				6488C2FB2B8E250E00A88A6B /*  UIViewController+Keyboard.swift */,
			);
			path = UI;
			sourceTree = "<group>";
		};
		64EF58FB2B8C7613006E1648 /* Network */ = {
			isa = PBXGroup;
			children = (
				64EF58FC2B8C7628006E1648 /* NetworkService.swift */,
			);
			path = Network;
			sourceTree = "<group>";
		};
		64EF58FE2B8C7639006E1648 /* Screens */ = {
			isa = PBXGroup;
			children = (
				64EF58E02B8C7485006E1648 /* LaunchScreen.storyboard */,
				64EF58FF2B8C7648006E1648 /* TabBar */,
			);
			path = Screens;
			sourceTree = "<group>";
		};
		64EF58FF2B8C7648006E1648 /* TabBar */ = {
			isa = PBXGroup;
			children = (
				64EF58D92B8C7483006E1648 /* MainTabBarViewController.swift */,
				64EF59022B8C769E006E1648 /* ImageScreen */,
				64EF59012B8C766D006E1648 /* DetailsScreen */,
				64EF59002B8C765E006E1648 /* SearchScreen */,
			);
			path = TabBar;
			sourceTree = "<group>";
		};
		64EF59002B8C765E006E1648 /* SearchScreen */ = {
			isa = PBXGroup;
			children = (
				64EF59072B8C7735006E1648 /* SearchViewController.swift */,
				6488C2F92B8DD0B900A88A6B /* SearchCell.swift */,
			);
			path = SearchScreen;
			sourceTree = "<group>";
		};
		64EF59012B8C766D006E1648 /* DetailsScreen */ = {
			isa = PBXGroup;
			children = (
				64EF59052B8C7714006E1648 /* DetailsViewController.swift */,
			);
			path = DetailsScreen;
			sourceTree = "<group>";
		};
		64EF59022B8C769E006E1648 /* ImageScreen */ = {
			isa = PBXGroup;
			children = (
				64EF59032B8C76F4006E1648 /* ImagesViewController.swift */,
				64EF59092B8C874B006E1648 /* ImagesCell.swift */,
			);
			path = ImageScreen;
			sourceTree = "<group>";
		};
/* End PBXGroup section */

/* Begin PBXNativeTarget section */
		64EF58D12B8C7483006E1648 /* NASAApp */ = {
			isa = PBXNativeTarget;
			buildConfigurationList = 64EF58E62B8C7485006E1648 /* Build configuration list for PBXNativeTarget "NASAApp" */;
			buildPhases = (
				64EF58CE2B8C7483006E1648 /* Sources */,
				64EF58CF2B8C7483006E1648 /* Frameworks */,
				64EF58D02B8C7483006E1648 /* Resources */,
			);
			buildRules = (
			);
			dependencies = (
			);
			name = NASAApp;
			packageProductDependencies = (
				64EF58EA2B8C74A5006E1648 /* Kingfisher */,
				64EF58ED2B8C74B5006E1648 /* SnapKit */,
				64EF58EF2B8C74B5006E1648 /* SnapKit-Dynamic */,
			);
			productName = NASAApp;
			productReference = 64EF58D22B8C7483006E1648 /* NASAApp.app */;
			productType = "com.apple.product-type.application";
		};
/* End PBXNativeTarget section */

/* Begin PBXProject section */
		64EF58CA2B8C7483006E1648 /* Project object */ = {
			isa = PBXProject;
			attributes = {
				BuildIndependentTargetsInParallel = 1;
				LastSwiftUpdateCheck = 1520;
				LastUpgradeCheck = 1520;
				TargetAttributes = {
					64EF58D12B8C7483006E1648 = {
						CreatedOnToolsVersion = 15.2;
					};
				};
			};
			buildConfigurationList = 64EF58CD2B8C7483006E1648 /* Build configuration list for PBXProject "NASAApp" */;
			compatibilityVersion = "Xcode 14.0";
			developmentRegion = en;
			hasScannedForEncodings = 0;
			knownRegions = (
				en,
				Base,
			);
			mainGroup = 64EF58C92B8C7483006E1648;
			packageReferences = (
				64EF58E92B8C74A5006E1648 /* XCRemoteSwiftPackageReference "Kingfisher" */,
				64EF58EC2B8C74B5006E1648 /* XCRemoteSwiftPackageReference "SnapKit" */,
			);
			productRefGroup = 64EF58D32B8C7483006E1648 /* Products */;
			projectDirPath = "";
			projectRoot = "";
			targets = (
				64EF58D12B8C7483006E1648 /* NASAApp */,
			);
		};
/* End PBXProject section */

/* Begin PBXResourcesBuildPhase section */
		64EF58D02B8C7483006E1648 /* Resources */ = {
			isa = PBXResourcesBuildPhase;
			buildActionMask = 2147483647;
			files = (
				64EF58E22B8C7485006E1648 /* LaunchScreen.storyboard in Resources */,
				64EF58DF2B8C7485006E1648 /* Assets.xcassets in Resources */,
			);
			runOnlyForDeploymentPostprocessing = 0;
		};
/* End PBXResourcesBuildPhase section */

/* Begin PBXSourcesBuildPhase section */
		64EF58CE2B8C7483006E1648 /* Sources */ = {
			isa = PBXSourcesBuildPhase;
			buildActionMask = 2147483647;
			files = (
				64EF59082B8C7735006E1648 /* SearchViewController.swift in Sources */,
				6488C2FC2B8E250E00A88A6B /*  UIViewController+Keyboard.swift in Sources */,
				64EF58F82B8C75E5006E1648 /* Constants.swift in Sources */,
				64EF58DA2B8C7483006E1648 /* MainTabBarViewController.swift in Sources */,
				64EF59062B8C7714006E1648 /* DetailsViewController.swift in Sources */,
				64EF59042B8C76F4006E1648 /* ImagesViewController.swift in Sources */,
				6488C2FA2B8DD0B900A88A6B /* SearchCell.swift in Sources */,
				64EF58FA2B8C75F4006E1648 /* UIView + AddSubview.swift in Sources */,
				64EF58D62B8C7483006E1648 /* AppDelegate.swift in Sources */,
				64EF58D82B8C7483006E1648 /* SceneDelegate.swift in Sources */,
				64EF590A2B8C874B006E1648 /* ImagesCell.swift in Sources */,
				64EF58FD2B8C7628006E1648 /* NetworkService.swift in Sources */,
			);
			runOnlyForDeploymentPostprocessing = 0;
		};
/* End PBXSourcesBuildPhase section */

/* Begin PBXVariantGroup section */
		64EF58E02B8C7485006E1648 /* LaunchScreen.storyboard */ = {
			isa = PBXVariantGroup;
			children = (
				64EF58E12B8C7485006E1648 /* Base */,
			);
			name = LaunchScreen.storyboard;
			sourceTree = "<group>";
		};
/* End PBXVariantGroup section */

/* Begin XCBuildConfiguration section */
		64EF58E42B8C7485006E1648 /* Debug */ = {
			isa = XCBuildConfiguration;
			buildSettings = {
				ALWAYS_SEARCH_USER_PATHS = NO;
				ASSETCATALOG_COMPILER_GENERATE_SWIFT_ASSET_SYMBOL_EXTENSIONS = YES;
				CLANG_ANALYZER_NONNULL = YES;
				CLANG_ANALYZER_NUMBER_OBJECT_CONVERSION = YES_AGGRESSIVE;
				CLANG_CXX_LANGUAGE_STANDARD = "gnu++20";
				CLANG_ENABLE_MODULES = YES;
				CLANG_ENABLE_OBJC_ARC = YES;
				CLANG_ENABLE_OBJC_WEAK = YES;
				CLANG_WARN_BLOCK_CAPTURE_AUTORELEASING = YES;
				CLANG_WARN_BOOL_CONVERSION = YES;
				CLANG_WARN_COMMA = YES;
				CLANG_WARN_CONSTANT_CONVERSION = YES;
				CLANG_WARN_DEPRECATED_OBJC_IMPLEMENTATIONS = YES;
				CLANG_WARN_DIRECT_OBJC_ISA_USAGE = YES_ERROR;
				CLANG_WARN_DOCUMENTATION_COMMENTS = YES;
				CLANG_WARN_EMPTY_BODY = YES;
				CLANG_WARN_ENUM_CONVERSION = YES;
				CLANG_WARN_INFINITE_RECURSION = YES;
				CLANG_WARN_INT_CONVERSION = YES;
				CLANG_WARN_NON_LITERAL_NULL_CONVERSION = YES;
				CLANG_WARN_OBJC_IMPLICIT_RETAIN_SELF = YES;
				CLANG_WARN_OBJC_LITERAL_CONVERSION = YES;
				CLANG_WARN_OBJC_ROOT_CLASS = YES_ERROR;
				CLANG_WARN_QUOTED_INCLUDE_IN_FRAMEWORK_HEADER = YES;
				CLANG_WARN_RANGE_LOOP_ANALYSIS = YES;
				CLANG_WARN_STRICT_PROTOTYPES = YES;
				CLANG_WARN_SUSPICIOUS_MOVE = YES;
				CLANG_WARN_UNGUARDED_AVAILABILITY = YES_AGGRESSIVE;
				CLANG_WARN_UNREACHABLE_CODE = YES;
				CLANG_WARN__DUPLICATE_METHOD_MATCH = YES;
				COPY_PHASE_STRIP = NO;
				DEBUG_INFORMATION_FORMAT = dwarf;
				ENABLE_STRICT_OBJC_MSGSEND = YES;
				ENABLE_TESTABILITY = YES;
				ENABLE_USER_SCRIPT_SANDBOXING = YES;
				GCC_C_LANGUAGE_STANDARD = gnu17;
				GCC_DYNAMIC_NO_PIC = NO;
				GCC_NO_COMMON_BLOCKS = YES;
				GCC_OPTIMIZATION_LEVEL = 0;
				GCC_PREPROCESSOR_DEFINITIONS = (
					"DEBUG=1",
					"$(inherited)",
				);
				GCC_WARN_64_TO_32_BIT_CONVERSION = YES;
				GCC_WARN_ABOUT_RETURN_TYPE = YES_ERROR;
				GCC_WARN_UNDECLARED_SELECTOR = YES;
				GCC_WARN_UNINITIALIZED_AUTOS = YES_AGGRESSIVE;
				GCC_WARN_UNUSED_FUNCTION = YES;
				GCC_WARN_UNUSED_VARIABLE = YES;
				IPHONEOS_DEPLOYMENT_TARGET = 17.2;
				LOCALIZATION_PREFERS_STRING_CATALOGS = YES;
				MTL_ENABLE_DEBUG_INFO = INCLUDE_SOURCE;
				MTL_FAST_MATH = YES;
				ONLY_ACTIVE_ARCH = YES;
				SDKROOT = iphoneos;
				SWIFT_ACTIVE_COMPILATION_CONDITIONS = "DEBUG $(inherited)";
				SWIFT_OPTIMIZATION_LEVEL = "-Onone";
			};
			name = Debug;
		};
		64EF58E52B8C7485006E1648 /* Release */ = {
			isa = XCBuildConfiguration;
			buildSettings = {
				ALWAYS_SEARCH_USER_PATHS = NO;
				ASSETCATALOG_COMPILER_GENERATE_SWIFT_ASSET_SYMBOL_EXTENSIONS = YES;
				CLANG_ANALYZER_NONNULL = YES;
				CLANG_ANALYZER_NUMBER_OBJECT_CONVERSION = YES_AGGRESSIVE;
				CLANG_CXX_LANGUAGE_STANDARD = "gnu++20";
				CLANG_ENABLE_MODULES = YES;
				CLANG_ENABLE_OBJC_ARC = YES;
				CLANG_ENABLE_OBJC_WEAK = YES;
				CLANG_WARN_BLOCK_CAPTURE_AUTORELEASING = YES;
				CLANG_WARN_BOOL_CONVERSION = YES;
				CLANG_WARN_COMMA = YES;
				CLANG_WARN_CONSTANT_CONVERSION = YES;
				CLANG_WARN_DEPRECATED_OBJC_IMPLEMENTATIONS = YES;
				CLANG_WARN_DIRECT_OBJC_ISA_USAGE = YES_ERROR;
				CLANG_WARN_DOCUMENTATION_COMMENTS = YES;
				CLANG_WARN_EMPTY_BODY = YES;
				CLANG_WARN_ENUM_CONVERSION = YES;
				CLANG_WARN_INFINITE_RECURSION = YES;
				CLANG_WARN_INT_CONVERSION = YES;
				CLANG_WARN_NON_LITERAL_NULL_CONVERSION = YES;
				CLANG_WARN_OBJC_IMPLICIT_RETAIN_SELF = YES;
				CLANG_WARN_OBJC_LITERAL_CONVERSION = YES;
				CLANG_WARN_OBJC_ROOT_CLASS = YES_ERROR;
				CLANG_WARN_QUOTED_INCLUDE_IN_FRAMEWORK_HEADER = YES;
				CLANG_WARN_RANGE_LOOP_ANALYSIS = YES;
				CLANG_WARN_STRICT_PROTOTYPES = YES;
				CLANG_WARN_SUSPICIOUS_MOVE = YES;
				CLANG_WARN_UNGUARDED_AVAILABILITY = YES_AGGRESSIVE;
				CLANG_WARN_UNREACHABLE_CODE = YES;
				CLANG_WARN__DUPLICATE_METHOD_MATCH = YES;
				COPY_PHASE_STRIP = NO;
				DEBUG_INFORMATION_FORMAT = "dwarf-with-dsym";
				ENABLE_NS_ASSERTIONS = NO;
				ENABLE_STRICT_OBJC_MSGSEND = YES;
				ENABLE_USER_SCRIPT_SANDBOXING = YES;
				GCC_C_LANGUAGE_STANDARD = gnu17;
				GCC_NO_COMMON_BLOCKS = YES;
				GCC_WARN_64_TO_32_BIT_CONVERSION = YES;
				GCC_WARN_ABOUT_RETURN_TYPE = YES_ERROR;
				GCC_WARN_UNDECLARED_SELECTOR = YES;
				GCC_WARN_UNINITIALIZED_AUTOS = YES_AGGRESSIVE;
				GCC_WARN_UNUSED_FUNCTION = YES;
				GCC_WARN_UNUSED_VARIABLE = YES;
				IPHONEOS_DEPLOYMENT_TARGET = 17.2;
				LOCALIZATION_PREFERS_STRING_CATALOGS = YES;
				MTL_ENABLE_DEBUG_INFO = NO;
				MTL_FAST_MATH = YES;
				SDKROOT = iphoneos;
				SWIFT_COMPILATION_MODE = wholemodule;
				VALIDATE_PRODUCT = YES;
			};
			name = Release;
		};
		64EF58E72B8C7485006E1648 /* Debug */ = {
			isa = XCBuildConfiguration;
			buildSettings = {
				ASSETCATALOG_COMPILER_APPICON_NAME = AppIcon;
				ASSETCATALOG_COMPILER_GLOBAL_ACCENT_COLOR_NAME = AccentColor;
				CODE_SIGN_STYLE = Automatic;
				CURRENT_PROJECT_VERSION = 1;
				DEVELOPMENT_TEAM = NBRRYUMPT9;
				GENERATE_INFOPLIST_FILE = YES;
				INFOPLIST_FILE = NASAApp/Info.plist;
				INFOPLIST_KEY_UIApplicationSupportsIndirectInputEvents = YES;
				INFOPLIST_KEY_UILaunchStoryboardName = LaunchScreen;
				INFOPLIST_KEY_UISupportedInterfaceOrientations_iPad = "UIInterfaceOrientationPortrait UIInterfaceOrientationPortraitUpsideDown UIInterfaceOrientationLandscapeLeft UIInterfaceOrientationLandscapeRight";
				INFOPLIST_KEY_UISupportedInterfaceOrientations_iPhone = "UIInterfaceOrientationPortrait UIInterfaceOrientationLandscapeLeft UIInterfaceOrientationLandscapeRight";
				IPHONEOS_DEPLOYMENT_TARGET = 15.0;
				LD_RUNPATH_SEARCH_PATHS = (
					"$(inherited)",
					"@executable_path/Frameworks",
				);
				MARKETING_VERSION = 1.0;
				PRODUCT_BUNDLE_IDENTIFIER = valeriya.slesarenko.NASAApp;
				PRODUCT_NAME = "$(TARGET_NAME)";
				SUPPORTED_PLATFORMS = "iphoneos iphonesimulator";
				SUPPORTS_MACCATALYST = NO;
				SUPPORTS_MAC_DESIGNED_FOR_IPHONE_IPAD = NO;
				SUPPORTS_XR_DESIGNED_FOR_IPHONE_IPAD = NO;
				SWIFT_EMIT_LOC_STRINGS = YES;
				SWIFT_VERSION = 5.0;
				TARGETED_DEVICE_FAMILY = 1;
			};
			name = Debug;
		};
		64EF58E82B8C7485006E1648 /* Release */ = {
			isa = XCBuildConfiguration;
			buildSettings = {
				ASSETCATALOG_COMPILER_APPICON_NAME = AppIcon;
				ASSETCATALOG_COMPILER_GLOBAL_ACCENT_COLOR_NAME = AccentColor;
				CODE_SIGN_STYLE = Automatic;
				CURRENT_PROJECT_VERSION = 1;
				DEVELOPMENT_TEAM = NBRRYUMPT9;
				GENERATE_INFOPLIST_FILE = YES;
				INFOPLIST_FILE = NASAApp/Info.plist;
				INFOPLIST_KEY_UIApplicationSupportsIndirectInputEvents = YES;
				INFOPLIST_KEY_UILaunchStoryboardName = LaunchScreen;
				INFOPLIST_KEY_UISupportedInterfaceOrientations_iPad = "UIInterfaceOrientationPortrait UIInterfaceOrientationPortraitUpsideDown UIInterfaceOrientationLandscapeLeft UIInterfaceOrientationLandscapeRight";
				INFOPLIST_KEY_UISupportedInterfaceOrientations_iPhone = "UIInterfaceOrientationPortrait UIInterfaceOrientationLandscapeLeft UIInterfaceOrientationLandscapeRight";
				IPHONEOS_DEPLOYMENT_TARGET = 15.0;
				LD_RUNPATH_SEARCH_PATHS = (
					"$(inherited)",
					"@executable_path/Frameworks",
				);
				MARKETING_VERSION = 1.0;
				PRODUCT_BUNDLE_IDENTIFIER = valeriya.slesarenko.NASAApp;
				PRODUCT_NAME = "$(TARGET_NAME)";
				SUPPORTED_PLATFORMS = "iphoneos iphonesimulator";
				SUPPORTS_MACCATALYST = NO;
				SUPPORTS_MAC_DESIGNED_FOR_IPHONE_IPAD = NO;
				SUPPORTS_XR_DESIGNED_FOR_IPHONE_IPAD = NO;
				SWIFT_EMIT_LOC_STRINGS = YES;
				SWIFT_VERSION = 5.0;
				TARGETED_DEVICE_FAMILY = 1;
			};
			name = Release;
		};
/* End XCBuildConfiguration section */

/* Begin XCConfigurationList section */
		64EF58CD2B8C7483006E1648 /* Build configuration list for PBXProject "NASAApp" */ = {
			isa = XCConfigurationList;
			buildConfigurations = (
				64EF58E42B8C7485006E1648 /* Debug */,
				64EF58E52B8C7485006E1648 /* Release */,
			);
			defaultConfigurationIsVisible = 0;
			defaultConfigurationName = Release;
		};
		64EF58E62B8C7485006E1648 /* Build configuration list for PBXNativeTarget "NASAApp" */ = {
			isa = XCConfigurationList;
			buildConfigurations = (
				64EF58E72B8C7485006E1648 /* Debug */,
				64EF58E82B8C7485006E1648 /* Release */,
			);
			defaultConfigurationIsVisible = 0;
			defaultConfigurationName = Release;
		};
/* End XCConfigurationList section */

/* Begin XCRemoteSwiftPackageReference section */
		64EF58E92B8C74A5006E1648 /* XCRemoteSwiftPackageReference "Kingfisher" */ = {
			isa = XCRemoteSwiftPackageReference;
			repositoryURL = "https://github.com/onevcat/Kingfisher";
			requirement = {
				kind = upToNextMajorVersion;
				minimumVersion = 7.11.0;
			};
		};
		64EF58EC2B8C74B5006E1648 /* XCRemoteSwiftPackageReference "SnapKit" */ = {
			isa = XCRemoteSwiftPackageReference;
			repositoryURL = "https://github.com/SnapKit/SnapKit.git";
			requirement = {
				kind = upToNextMajorVersion;
				minimumVersion = 5.7.1;
			};
		};
/* End XCRemoteSwiftPackageReference section */

/* Begin XCSwiftPackageProductDependency section */
		64EF58EA2B8C74A5006E1648 /* Kingfisher */ = {
			isa = XCSwiftPackageProductDependency;
			package = 64EF58E92B8C74A5006E1648 /* XCRemoteSwiftPackageReference "Kingfisher" */;
			productName = Kingfisher;
		};
		64EF58ED2B8C74B5006E1648 /* SnapKit */ = {
			isa = XCSwiftPackageProductDependency;
			package = 64EF58EC2B8C74B5006E1648 /* XCRemoteSwiftPackageReference "SnapKit" */;
			productName = SnapKit;
		};
		64EF58EF2B8C74B5006E1648 /* SnapKit-Dynamic */ = {
			isa = XCSwiftPackageProductDependency;
			package = 64EF58EC2B8C74B5006E1648 /* XCRemoteSwiftPackageReference "SnapKit" */;
			productName = "SnapKit-Dynamic";
		};
/* End XCSwiftPackageProductDependency section */
	};
	rootObject = 64EF58CA2B8C7483006E1648 /* Project object */;
}
